Microsoft Visual Studio Solution File, Format Version 12.00
# Visual Studio 2012
Project("{FAE04EC0-301F-11D3-BF4B-00C04F79EFBC}") = "Cat Game", "Cat Game.csproj", "{723368DB-E01B-47CF-A22E-E7988CD31A55}"
EndProject
Global
	GlobalSection(SolutionConfigurationPlatforms) = preSolution
	Debug|Any CPU = Debug|Any CPU
	ExportDebug|Any CPU = ExportDebug|Any CPU
	ExportRelease|Any CPU = ExportRelease|Any CPU
	EndGlobalSection
	GlobalSection(ProjectConfigurationPlatforms) = postSolution
		{723368DB-E01B-47CF-A22E-E7988CD31A55}.Debug|Any CPU.ActiveCfg = Debug|Any CPU
		{723368DB-E01B-47CF-A22E-E7988CD31A55}.Debug|Any CPU.Build.0 = Debug|Any CPU
		{723368DB-E01B-47CF-A22E-E7988CD31A55}.ExportDebug|Any CPU.ActiveCfg = ExportDebug|Any CPU
		{723368DB-E01B-47CF-A22E-E7988CD31A55}.ExportDebug|Any CPU.Build.0 = ExportDebug|Any CPU
		{723368DB-E01B-47CF-A22E-E7988CD31A55}.ExportRelease|Any CPU.ActiveCfg = ExportRelease|Any CPU
		{723368DB-E01B-47CF-A22E-E7988CD31A55}.ExportRelease|Any CPU.Build.0 = ExportRelease|Any CPU
	EndGlobalSection
EndGlobal
